
Microsoft Visual Studio Solution File, Format Version 12.00
# Visual Studio Version 16
VisualStudioVersion = 16.0.29519.181
MinimumVisualStudioVersion = 10.0.40219.1
Project("{9A19103F-16F7-4668-BE54-9A1E7A4F7556}") = "CT3Tweaks.Lib", "CT3Tweaks.Lib\CT3Tweaks.Lib.csproj", "{7F0ECEE6-5F29-4363-BD73-3E7D2A4F785E}"
EndProject
Project("{9A19103F-16F7-4668-BE54-9A1E7A4F7556}") = "CT3Tweaks.Gui", "CT3Tweaks.Gui\CT3Tweaks.Gui.csproj", "{4EB87A70-71D7-4DB7-8858-B60F13527B13}"
EndProject
Project("{9A19103F-16F7-4668-BE54-9A1E7A4F7556}") = "CT3Tweaks.Cli", "CT3Tweaks.Cli\CT3Tweaks.Cli.csproj", "{603955FD-0502-45D4-8280-9520AFB2D861}"
EndProject
Project("{2150E333-8FDC-42A3-9474-1A3956D46DE8}") = "Solution Items", "Solution Items", "{9AECAB4F-20D9-4B16-B655-DCDF67DF84F2}"
	ProjectSection(SolutionItems) = preProject
		README.md = README.md
	EndProjectSection
EndProject
Global
	GlobalSection(SolutionConfigurationPlatforms) = preSolution
		Debug|Any CPU = Debug|Any CPU
		Release|Any CPU = Release|Any CPU
	EndGlobalSection
	GlobalSection(ProjectConfigurationPlatforms) = postSolution
		{7F0ECEE6-5F29-4363-BD73-3E7D2A4F785E}.Debug|Any CPU.ActiveCfg = Debug|Any CPU
		{7F0ECEE6-5F29-4363-BD73-3E7D2A4F785E}.Debug|Any CPU.Build.0 = Debug|Any CPU
		{7F0ECEE6-5F29-4363-BD73-3E7D2A4F785E}.Release|Any CPU.ActiveCfg = Release|Any CPU
		{7F0ECEE6-5F29-4363-BD73-3E7D2A4F785E}.Release|Any CPU.Build.0 = Release|Any CPU
		{4EB87A70-71D7-4DB7-8858-B60F13527B13}.Debug|Any CPU.ActiveCfg = Debug|Any CPU
		{4EB87A70-71D7-4DB7-8858-B60F13527B13}.Debug|Any CPU.Build.0 = Debug|Any CPU
		{4EB87A70-71D7-4DB7-8858-B60F13527B13}.Release|Any CPU.ActiveCfg = Release|Any CPU
		{4EB87A70-71D7-4DB7-8858-B60F13527B13}.Release|Any CPU.Build.0 = Release|Any CPU
		{603955FD-0502-45D4-8280-9520AFB2D861}.Debug|Any CPU.ActiveCfg = Debug|Any CPU
		{603955FD-0502-45D4-8280-9520AFB2D861}.Debug|Any CPU.Build.0 = Debug|Any CPU
		{603955FD-0502-45D4-8280-9520AFB2D861}.Release|Any CPU.ActiveCfg = Release|Any CPU
		{603955FD-0502-45D4-8280-9520AFB2D861}.Release|Any CPU.Build.0 = Release|Any CPU
	EndGlobalSection
	GlobalSection(SolutionProperties) = preSolution
		HideSolutionNode = FALSE
	EndGlobalSection
	GlobalSection(ExtensibilityGlobals) = postSolution
		SolutionGuid = {A09BE7A1-D068-4762-948C-A8CEDE29BE36}
	EndGlobalSection
EndGlobal
